{
  "version": "5",
  "specifiers": {
    "jsr:@db/redis@*": "0.40.0",
    "jsr:@db/redis@0.40": "0.40.0",
    "jsr:@denosaurs/byte-type@*": "0.4.1",
    "jsr:@denosaurs/byte-type@~0.4.1": "0.4.1",
    "jsr:@divy/sdl2@0.14": "0.14.0",
    "jsr:@std/assert@*": "1.0.13",
    "jsr:@std/assert@^1.0.13": "1.0.13",
    "jsr:@std/async@1": "1.0.9",
    "jsr:@std/bytes@1": "1.0.6",
    "jsr:@std/bytes@^1.0.2-rc.3": "1.0.6",
    "jsr:@std/bytes@^1.0.5": "1.0.6",
    "jsr:@std/cbor@*": "0.1.8",
    "jsr:@std/cbor@~0.1.8": "0.1.8",
    "jsr:@std/cli@^1.0.20": "1.0.20",
    "jsr:@std/collections@1": "1.0.9",
    "jsr:@std/encoding@^1.0.10": "1.0.10",
    "jsr:@std/fmt@^1.0.8": "1.0.8",
    "jsr:@std/fs@^1.0.18": "1.0.18",
    "jsr:@std/html@^1.0.4": "1.0.4",
    "jsr:@std/http@1.0.18": "1.0.18",
    "jsr:@std/http@^1.0.18": "1.0.18",
    "jsr:@std/internal@^1.0.6": "1.0.8",
    "jsr:@std/io@0.224.5": "0.224.5",
    "jsr:@std/media-types@^1.1.0": "1.1.0",
    "jsr:@std/net@^1.0.4": "1.0.4",
    "jsr:@std/path@^1.1.0": "1.1.0",
    "jsr:@std/random@0.1.0": "0.1.0",
    "jsr:@std/streams@^1.0.10": "1.0.10",
    "jsr:@std/streams@^1.0.9": "1.0.10",
    "jsr:@std/ulid@1": "1.0.0",
    "npm:cluster-key-slot@1.1.0": "1.1.0",
    "npm:sharp@*": "0.34.2",
    "npm:sharp@~0.34.2": "0.34.2"
  },
  "jsr": {
    "@db/redis@0.40.0": {
      "integrity": "98bef146ad2d1262c0a5388c32e9d62e83ada410c9cc49cee3868085037e930b",
      "dependencies": [
        "jsr:@std/async",
        "jsr:@std/bytes@1",
        "jsr:@std/collections",
        "jsr:@std/io",
        "jsr:@std/random",
        "npm:cluster-key-slot"
      ]
    },
    "@denosaurs/byte-type@0.4.1": {
      "integrity": "bf18e895a057482b21926cecf0a9c5fe57f544cbe535c1419f45b5cd090250d3"
    },
    "@divy/sdl2@0.14.0": {
      "integrity": "01347d34dd12cabd972eec340a142cdc6176f9e2720a72ab3515f73cf9d27bad"
    },
    "@std/assert@1.0.13": {
      "integrity": "ae0d31e41919b12c656c742b22522c32fb26ed0cba32975cb0de2a273cb68b29",
      "dependencies": [
        "jsr:@std/internal"
      ]
    },
    "@std/async@1.0.9": {
      "integrity": "c6472fd0623b3f3daae023cdf7ca5535e1b721dfbf376562c0c12b3fb4867f91"
    },
    "@std/bytes@1.0.6": {
      "integrity": "f6ac6adbd8ccd99314045f5703e23af0a68d7f7e58364b47d2c7f408aeb5820a"
    },
    "@std/cbor@0.1.8": {
      "integrity": "a0d1c520f8963358cc96defd8cbd1f9e81e40adc2bbfb301f122150f2024d93e",
      "dependencies": [
        "jsr:@std/bytes@^1.0.5",
        "jsr:@std/streams@^1.0.9"
      ]
    },
    "@std/cli@1.0.20": {
      "integrity": "a8c384a2c98cec6ec6a2055c273a916e2772485eb784af0db004c5ab8ba52333"
    },
    "@std/collections@1.0.9": {
      "integrity": "4f58104ead08a04a2199374247f07befe50ba01d9cca8cbb23ab9a0419921e71"
    },
    "@std/encoding@1.0.10": {
      "integrity": "8783c6384a2d13abd5e9e87a7ae0520a30e9f56aeeaa3bdf910a3eaaf5c811a1"
    },
    "@std/fmt@1.0.8": {
      "integrity": "71e1fc498787e4434d213647a6e43e794af4fd393ef8f52062246e06f7e372b7"
    },
    "@std/fs@1.0.18": {
      "integrity": "24bcad99eab1af4fde75e05da6e9ed0e0dce5edb71b7e34baacf86ffe3969f3a",
      "dependencies": [
        "jsr:@std/path"
      ]
    },
    "@std/html@1.0.4": {
      "integrity": "eff3497c08164e6ada49b7f81a28b5108087033823153d065e3f89467dd3d50e"
    },
    "@std/http@1.0.18": {
      "integrity": "8d9546aa532c52a0cf318c74616db0638b4c1073405355d1b14f9e1591dccf20",
      "dependencies": [
        "jsr:@std/cli",
        "jsr:@std/encoding",
        "jsr:@std/fmt",
        "jsr:@std/fs",
        "jsr:@std/html",
        "jsr:@std/media-types",
        "jsr:@std/net",
        "jsr:@std/path",
        "jsr:@std/streams@^1.0.10"
      ]
    },
    "@std/internal@1.0.8": {
      "integrity": "fc66e846d8d38a47cffd274d80d2ca3f0de71040f855783724bb6b87f60891f5"
    },
    "@std/io@0.224.5": {
      "integrity": "cb84fe655d1273fca94efcff411465027a8b0b4225203f19d6ee98d9c8920a2d",
      "dependencies": [
        "jsr:@std/bytes@^1.0.2-rc.3"
      ]
    },
    "@std/media-types@1.1.0": {
      "integrity": "c9d093f0c05c3512932b330e3cc1fe1d627b301db33a4c2c2185c02471d6eaa4"
    },
    "@std/net@1.0.4": {
      "integrity": "2f403b455ebbccf83d8a027d29c5a9e3a2452fea39bb2da7f2c04af09c8bc852"
    },
    "@std/path@1.1.0": {
      "integrity": "ddc94f8e3c275627281cbc23341df6b8bcc874d70374f75fec2533521e3d6886"
    },
    "@std/random@0.1.0": {
      "integrity": "70a006be0ffb77d036bab54aa8ae6bd0119ba77ace0f2f56f63273d4262a5667"
    },
    "@std/streams@1.0.10": {
      "integrity": "75c0b1431873cd0d8b3d679015220204d36d3c7420d93b60acfc379eb0dc30af"
    },
    "@std/ulid@1.0.0": {
      "integrity": "d41c3d27a907714413649fee864b7cde8d42ee68437d22b79d5de4f81d808780"
    }
  },
  "npm": {
    "@emnapi/runtime@1.4.3": {
      "integrity": "sha512-pBPWdu6MLKROBX05wSNKcNb++m5Er+KQ9QkB+WVM+pW2Kx9hoSrVTnu3BdkI5eBLZoKu/J6mW/B6i6bJB2ytXQ==",
      "dependencies": [
        "tslib"
      ]
    },
    "@img/sharp-darwin-arm64@0.34.2": {
      "integrity": "sha512-OfXHZPppddivUJnqyKoi5YVeHRkkNE2zUFT2gbpKxp/JZCFYEYubnMg+gOp6lWfasPrTS+KPosKqdI+ELYVDtg==",
      "optionalDependencies": [
        "@img/sharp-libvips-darwin-arm64"
      ],
      "os": ["darwin"],
      "cpu": ["arm64"]
    },
    "@img/sharp-darwin-x64@0.34.2": {
      "integrity": "sha512-dYvWqmjU9VxqXmjEtjmvHnGqF8GrVjM2Epj9rJ6BUIXvk8slvNDJbhGFvIoXzkDhrJC2jUxNLz/GUjjvSzfw+g==",
      "optionalDependencies": [
        "@img/sharp-libvips-darwin-x64"
      ],
      "os": ["darwin"],
      "cpu": ["x64"]
    },
    "@img/sharp-libvips-darwin-arm64@1.1.0": {
      "integrity": "sha512-HZ/JUmPwrJSoM4DIQPv/BfNh9yrOA8tlBbqbLz4JZ5uew2+o22Ik+tHQJcih7QJuSa0zo5coHTfD5J8inqj9DA==",
      "os": ["darwin"],
      "cpu": ["arm64"]
    },
    "@img/sharp-libvips-darwin-x64@1.1.0": {
      "integrity": "sha512-Xzc2ToEmHN+hfvsl9wja0RlnXEgpKNmftriQp6XzY/RaSfwD9th+MSh0WQKzUreLKKINb3afirxW7A0fz2YWuQ==",
      "os": ["darwin"],
      "cpu": ["x64"]
    },
    "@img/sharp-libvips-linux-arm64@1.1.0": {
      "integrity": "sha512-IVfGJa7gjChDET1dK9SekxFFdflarnUB8PwW8aGwEoF3oAsSDuNUTYS+SKDOyOJxQyDC1aPFMuRYLoDInyV9Ew==",
      "os": ["linux"],
      "cpu": ["arm64"]
    },
    "@img/sharp-libvips-linux-arm@1.1.0": {
      "integrity": "sha512-s8BAd0lwUIvYCJyRdFqvsj+BJIpDBSxs6ivrOPm/R7piTs5UIwY5OjXrP2bqXC9/moGsyRa37eYWYCOGVXxVrA==",
      "os": ["linux"],
      "cpu": ["arm"]
    },
    "@img/sharp-libvips-linux-ppc64@1.1.0": {
      "integrity": "sha512-tiXxFZFbhnkWE2LA8oQj7KYR+bWBkiV2nilRldT7bqoEZ4HiDOcePr9wVDAZPi/Id5fT1oY9iGnDq20cwUz8lQ==",
      "os": ["linux"],
      "cpu": ["ppc64"]
    },
    "@img/sharp-libvips-linux-s390x@1.1.0": {
      "integrity": "sha512-xukSwvhguw7COyzvmjydRb3x/09+21HykyapcZchiCUkTThEQEOMtBj9UhkaBRLuBrgLFzQ2wbxdeCCJW/jgJA==",
      "os": ["linux"],
      "cpu": ["s390x"]
    },
    "@img/sharp-libvips-linux-x64@1.1.0": {
      "integrity": "sha512-yRj2+reB8iMg9W5sULM3S74jVS7zqSzHG3Ol/twnAAkAhnGQnpjj6e4ayUz7V+FpKypwgs82xbRdYtchTTUB+Q==",
      "os": ["linux"],
      "cpu": ["x64"]
    },
    "@img/sharp-libvips-linuxmusl-arm64@1.1.0": {
      "integrity": "sha512-jYZdG+whg0MDK+q2COKbYidaqW/WTz0cc1E+tMAusiDygrM4ypmSCjOJPmFTvHHJ8j/6cAGyeDWZOsK06tP33w==",
      "os": ["linux"],
      "cpu": ["arm64"]
    },
    "@img/sharp-libvips-linuxmusl-x64@1.1.0": {
      "integrity": "sha512-wK7SBdwrAiycjXdkPnGCPLjYb9lD4l6Ze2gSdAGVZrEL05AOUJESWU2lhlC+Ffn5/G+VKuSm6zzbQSzFX/P65A==",
      "os": ["linux"],
      "cpu": ["x64"]
    },
    "@img/sharp-linux-arm64@0.34.2": {
      "integrity": "sha512-D8n8wgWmPDakc83LORcfJepdOSN6MvWNzzz2ux0MnIbOqdieRZwVYY32zxVx+IFUT8er5KPcyU3XXsn+GzG/0Q==",
      "optionalDependencies": [
        "@img/sharp-libvips-linux-arm64"
      ],
      "os": ["linux"],
      "cpu": ["arm64"]
    },
    "@img/sharp-linux-arm@0.34.2": {
      "integrity": "sha512-0DZzkvuEOqQUP9mo2kjjKNok5AmnOr1jB2XYjkaoNRwpAYMDzRmAqUIa1nRi58S2WswqSfPOWLNOr0FDT3H5RQ==",
      "optionalDependencies": [
        "@img/sharp-libvips-linux-arm"
      ],
      "os": ["linux"],
      "cpu": ["arm"]
    },
    "@img/sharp-linux-s390x@0.34.2": {
      "integrity": "sha512-EGZ1xwhBI7dNISwxjChqBGELCWMGDvmxZXKjQRuqMrakhO8QoMgqCrdjnAqJq/CScxfRn+Bb7suXBElKQpPDiw==",
      "optionalDependencies": [
        "@img/sharp-libvips-linux-s390x"
      ],
      "os": ["linux"],
      "cpu": ["s390x"]
    },
    "@img/sharp-linux-x64@0.34.2": {
      "integrity": "sha512-sD7J+h5nFLMMmOXYH4DD9UtSNBD05tWSSdWAcEyzqW8Cn5UxXvsHAxmxSesYUsTOBmUnjtxghKDl15EvfqLFbQ==",
      "optionalDependencies": [
        "@img/sharp-libvips-linux-x64"
      ],
      "os": ["linux"],
      "cpu": ["x64"]
    },
    "@img/sharp-linuxmusl-arm64@0.34.2": {
      "integrity": "sha512-NEE2vQ6wcxYav1/A22OOxoSOGiKnNmDzCYFOZ949xFmrWZOVII1Bp3NqVVpvj+3UeHMFyN5eP/V5hzViQ5CZNA==",
      "optionalDependencies": [
        "@img/sharp-libvips-linuxmusl-arm64"
      ],
      "os": ["linux"],
      "cpu": ["arm64"]
    },
    "@img/sharp-linuxmusl-x64@0.34.2": {
      "integrity": "sha512-DOYMrDm5E6/8bm/yQLCWyuDJwUnlevR8xtF8bs+gjZ7cyUNYXiSf/E8Kp0Ss5xasIaXSHzb888V1BE4i1hFhAA==",
      "optionalDependencies": [
        "@img/sharp-libvips-linuxmusl-x64"
      ],
      "os": ["linux"],
      "cpu": ["x64"]
    },
    "@img/sharp-wasm32@0.34.2": {
      "integrity": "sha512-/VI4mdlJ9zkaq53MbIG6rZY+QRN3MLbR6usYlgITEzi4Rpx5S6LFKsycOQjkOGmqTNmkIdLjEvooFKwww6OpdQ==",
      "dependencies": [
        "@emnapi/runtime"
      ],
      "cpu": ["wasm32"]
    },
    "@img/sharp-win32-arm64@0.34.2": {
      "integrity": "sha512-cfP/r9FdS63VA5k0xiqaNaEoGxBg9k7uE+RQGzuK9fHt7jib4zAVVseR9LsE4gJcNWgT6APKMNnCcnyOtmSEUQ==",
      "os": ["win32"],
      "cpu": ["arm64"]
    },
    "@img/sharp-win32-ia32@0.34.2": {
      "integrity": "sha512-QLjGGvAbj0X/FXl8n1WbtQ6iVBpWU7JO94u/P2M4a8CFYsvQi4GW2mRy/JqkRx0qpBzaOdKJKw8uc930EX2AHw==",
      "os": ["win32"],
      "cpu": ["ia32"]
    },
    "@img/sharp-win32-x64@0.34.2": {
      "integrity": "sha512-aUdT6zEYtDKCaxkofmmJDJYGCf0+pJg3eU9/oBuqvEeoB9dKI6ZLc/1iLJCTuJQDO4ptntAlkUmHgGjyuobZbw==",
      "os": ["win32"],
      "cpu": ["x64"]
    },
    "cluster-key-slot@1.1.0": {
      "integrity": "sha512-2Nii8p3RwAPiFwsnZvukotvow2rIHM+yQ6ZcBXGHdniadkYGZYiGmkHJIbZPIV9nfv7m/U1IPMVVcAhoWFeklw=="
    },
    "color-convert@2.0.1": {
      "integrity": "sha512-RRECPsj7iu/xb5oKYcsFHSppFNnsj/52OVTRKb4zP5onXwVF3zVmmToNcOfGC+CRDpfK/U584fMg38ZHCaElKQ==",
      "dependencies": [
        "color-name"
      ]
    },
    "color-name@1.1.4": {
      "integrity": "sha512-dOy+3AuW3a2wNbZHIuMZpTcgjGuLU/uBL/ubcZF9OXbDo8ff4O8yVp5Bf0efS8uEoYo5q4Fx7dY9OgQGXgAsQA=="
    },
    "color-string@1.9.1": {
      "integrity": "sha512-shrVawQFojnZv6xM40anx4CkoDP+fZsw/ZerEMsW/pyzsRbElpsL/DBVW7q3ExxwusdNXI3lXpuhEZkzs8p5Eg==",
      "dependencies": [
        "color-name",
        "simple-swizzle"
      ]
    },
    "color@4.2.3": {
      "integrity": "sha512-1rXeuUUiGGrykh+CeBdu5Ie7OJwinCgQY0bc7GCRxy5xVHy+moaqkpL/jqQq0MtQOeYcrqEz4abc5f0KtU7W4A==",
      "dependencies": [
        "color-convert",
        "color-string"
      ]
    },
    "detect-libc@2.0.4": {
      "integrity": "sha512-3UDv+G9CsCKO1WKMGw9fwq/SWJYbI0c5Y7LU1AXYoDdbhE2AHQ6N6Nb34sG8Fj7T5APy8qXDCKuuIHd1BR0tVA=="
    },
    "is-arrayish@0.3.2": {
      "integrity": "sha512-eVRqCvVlZbuw3GrM63ovNSNAeA1K16kaR/LRY/92w0zxQ5/1YzwblUX652i4Xs9RwAGjW9d9y6X88t8OaAJfWQ=="
    },
    "semver@7.7.2": {
      "integrity": "sha512-RF0Fw+rO5AMf9MAyaRXI4AV0Ulj5lMHqVxxdSgiVbixSCXoEmmX/jk0CuJw4+3SqroYO9VoUh+HcuJivvtJemA==",
      "bin": true
    },
    "sharp@0.34.2": {
      "integrity": "sha512-lszvBmB9QURERtyKT2bNmsgxXK0ShJrL/fvqlonCo7e6xBF8nT8xU6pW+PMIbLsz0RxQk3rgH9kd8UmvOzlMJg==",
      "dependencies": [
        "color",
        "detect-libc",
        "semver"
      ],
      "optionalDependencies": [
        "@img/sharp-darwin-arm64",
        "@img/sharp-darwin-x64",
        "@img/sharp-libvips-darwin-arm64",
        "@img/sharp-libvips-darwin-x64",
        "@img/sharp-libvips-linux-arm",
        "@img/sharp-libvips-linux-arm64",
        "@img/sharp-libvips-linux-ppc64",
        "@img/sharp-libvips-linux-s390x",
        "@img/sharp-libvips-linux-x64",
        "@img/sharp-libvips-linuxmusl-arm64",
        "@img/sharp-libvips-linuxmusl-x64",
        "@img/sharp-linux-arm",
        "@img/sharp-linux-arm64",
        "@img/sharp-linux-s390x",
        "@img/sharp-linux-x64",
        "@img/sharp-linuxmusl-arm64",
        "@img/sharp-linuxmusl-x64",
        "@img/sharp-wasm32",
        "@img/sharp-win32-arm64",
        "@img/sharp-win32-ia32",
        "@img/sharp-win32-x64"
      ],
      "scripts": true
    },
    "simple-swizzle@0.2.2": {
      "integrity": "sha512-JA//kQgZtbuY83m+xT+tXJkmJncGMTFT+C+g2h2R9uxkYIrE2yy9sgmcLhCnw57/WSD+Eh3J97FPEDFnbXnDUg==",
      "dependencies": [
        "is-arrayish"
      ]
    },
    "tslib@2.8.1": {
      "integrity": "sha512-oJFu94HQb+KVduSUQL7wnpmqnfmLsOA/nAh6b6EH0wCEoK0/mPeXU6c3wKDV83MkOuHPRHtSXKKU99IBazS/2w=="
    }
  },
  "workspace": {
    "dependencies": [
      "jsr:@db/redis@0.40",
      "jsr:@denosaurs/byte-type@~0.4.1",
      "jsr:@divy/sdl2@0.14",
      "jsr:@std/assert@^1.0.13",
      "jsr:@std/cbor@~0.1.8",
      "jsr:@std/fs@^1.0.18",
      "jsr:@std/http@^1.0.18",
      "jsr:@std/ulid@1",
      "npm:sharp@~0.34.2"
    ]
  }
}
